Microsoft Visual Studio Solution File, Format Version 12.00
# Visual Studio 2012
Project("{FAE04EC0-301F-11D3-BF4B-00C04F79EFBC}") = "GodotMultiplayerProject", "GodotMultiplayerProject.csproj", "{82158A84-6166-45B0-A190-E52294807B04}"
EndProject
Global
	GlobalSection(SolutionConfigurationPlatforms) = preSolution
	Debug|Any CPU = Debug|Any CPU
	ExportDebug|Any CPU = ExportDebug|Any CPU
	ExportRelease|Any CPU = ExportRelease|Any CPU
	EndGlobalSection
	GlobalSection(ProjectConfigurationPlatforms) = postSolution
		{82158A84-6166-45B0-A190-E52294807B04}.Debug|Any CPU.ActiveCfg = Debug|Any CPU
		{82158A84-6166-45B0-A190-E52294807B04}.Debug|Any CPU.Build.0 = Debug|Any CPU
		{82158A84-6166-45B0-A190-E52294807B04}.ExportDebug|Any CPU.ActiveCfg = ExportDebug|Any CPU
		{82158A84-6166-45B0-A190-E52294807B04}.ExportDebug|Any CPU.Build.0 = ExportDebug|Any CPU
		{82158A84-6166-45B0-A190-E52294807B04}.ExportRelease|Any CPU.ActiveCfg = ExportRelease|Any CPU
		{82158A84-6166-45B0-A190-E52294807B04}.ExportRelease|Any CPU.Build.0 = ExportRelease|Any CPU
	EndGlobalSection
EndGlobal
